
Microsoft Visual Studio Solution File, Format Version 12.00
# Visual Studio Version 16
VisualStudioVersion = 16.0.31019.35
MinimumVisualStudioVersion = 10.0.40219.1
Project("{9A19103F-16F7-4668-BE54-9A1E7A4F7556}") = "Windesheim.WebDev.Blazor", "Windesheim.WebDev.Blazor\Windesheim.WebDev.Blazor.csproj", "{B1CB4F11-38CA-4E85-B031-DA4626BFFD4F}"
EndProject
Project("{FAE04EC0-301F-11D3-BF4B-00C04F79EFBC}") = "WindesHeim.WebDev.bUnit", "WindesHeim.WebDev.bUnit\WindesHeim.WebDev.bUnit.csproj", "{45D67E21-A265-48B5-832B-9A2FD5D136BC}"
EndProject
Global
	GlobalSection(SolutionConfigurationPlatforms) = preSolution
		Debug|Any CPU = Debug|Any CPU
		Release|Any CPU = Release|Any CPU
	EndGlobalSection
	GlobalSection(ProjectConfigurationPlatforms) = postSolution
		{B1CB4F11-38CA-4E85-B031-DA4626BFFD4F}.Debug|Any CPU.ActiveCfg = Debug|Any CPU
		{B1CB4F11-38CA-4E85-B031-DA4626BFFD4F}.Debug|Any CPU.Build.0 = Debug|Any CPU
		{B1CB4F11-38CA-4E85-B031-DA4626BFFD4F}.Release|Any CPU.ActiveCfg = Release|Any CPU
		{B1CB4F11-38CA-4E85-B031-DA4626BFFD4F}.Release|Any CPU.Build.0 = Release|Any CPU
		{45D67E21-A265-48B5-832B-9A2FD5D136BC}.Debug|Any CPU.ActiveCfg = Debug|Any CPU
		{45D67E21-A265-48B5-832B-9A2FD5D136BC}.Debug|Any CPU.Build.0 = Debug|Any CPU
		{45D67E21-A265-48B5-832B-9A2FD5D136BC}.Release|Any CPU.ActiveCfg = Release|Any CPU
		{45D67E21-A265-48B5-832B-9A2FD5D136BC}.Release|Any CPU.Build.0 = Release|Any CPU
	EndGlobalSection
	GlobalSection(SolutionProperties) = preSolution
		HideSolutionNode = FALSE
	EndGlobalSection
	GlobalSection(ExtensibilityGlobals) = postSolution
		SolutionGuid = {7F372219-2377-414E-B2E1-554B5CDBD2A9}
	EndGlobalSection
EndGlobal
